
Microsoft Visual Studio Solution File, Format Version 12.00
# Visual Studio Version 17
VisualStudioVersion = 17.0.31903.59
MinimumVisualStudioVersion = 10.0.40219.1
Project("{2150E333-8FDC-42A3-9474-1A3956D46DE8}") = "src", "src", "{827E0CD3-B72D-47B6-A68D-7590B98EB39B}"
EndProject
Project("{FAE04EC0-301F-11D3-BF4B-00C04F79EFBC}") = "CHIS.Core", "src\CHIS.Core\CHIS.Core.csproj", "{E0AC7D6E-8FF8-4CBE-BE40-655C1B8591CC}"
EndProject
Project("{FAE04EC0-301F-11D3-BF4B-00C04F79EFBC}") = "CHIS.Application", "src\CHIS.Application\CHIS.Application.csproj", "{676439EB-3CE2-46C2-91C5-2B91447C45C7}"
EndProject
Project("{FAE04EC0-301F-11D3-BF4B-00C04F79EFBC}") = "CHIS.Infrastructure", "src\CHIS.Infrastructure\CHIS.Infrastructure.csproj", "{7455E8DE-8565-4181-8F54-5BFEE5988015}"
EndProject
Project("{FAE04EC0-301F-11D3-BF4B-00C04F79EFBC}") = "CHIS.API", "src\CHIS.API\CHIS.API.csproj", "{40BE869D-F12C-45A3-B4CE-46C290F23178}"
EndProject
Global
	GlobalSection(SolutionConfigurationPlatforms) = preSolution
		Debug|Any CPU = Debug|Any CPU
		Debug|x64 = Debug|x64
		Debug|x86 = Debug|x86
		Release|Any CPU = Release|Any CPU
		Release|x64 = Release|x64
		Release|x86 = Release|x86
	EndGlobalSection
	GlobalSection(ProjectConfigurationPlatforms) = postSolution
		{E0AC7D6E-8FF8-4CBE-BE40-655C1B8591CC}.Debug|Any CPU.ActiveCfg = Debug|Any CPU
		{E0AC7D6E-8FF8-4CBE-BE40-655C1B8591CC}.Debug|Any CPU.Build.0 = Debug|Any CPU
		{E0AC7D6E-8FF8-4CBE-BE40-655C1B8591CC}.Debug|x64.ActiveCfg = Debug|Any CPU
		{E0AC7D6E-8FF8-4CBE-BE40-655C1B8591CC}.Debug|x64.Build.0 = Debug|Any CPU
		{E0AC7D6E-8FF8-4CBE-BE40-655C1B8591CC}.Debug|x86.ActiveCfg = Debug|Any CPU
		{E0AC7D6E-8FF8-4CBE-BE40-655C1B8591CC}.Debug|x86.Build.0 = Debug|Any CPU
		{E0AC7D6E-8FF8-4CBE-BE40-655C1B8591CC}.Release|Any CPU.ActiveCfg = Release|Any CPU
		{E0AC7D6E-8FF8-4CBE-BE40-655C1B8591CC}.Release|Any CPU.Build.0 = Release|Any CPU
		{E0AC7D6E-8FF8-4CBE-BE40-655C1B8591CC}.Release|x64.ActiveCfg = Release|Any CPU
		{E0AC7D6E-8FF8-4CBE-BE40-655C1B8591CC}.Release|x64.Build.0 = Release|Any CPU
		{E0AC7D6E-8FF8-4CBE-BE40-655C1B8591CC}.Release|x86.ActiveCfg = Release|Any CPU
		{E0AC7D6E-8FF8-4CBE-BE40-655C1B8591CC}.Release|x86.Build.0 = Release|Any CPU
		{676439EB-3CE2-46C2-91C5-2B91447C45C7}.Debug|Any CPU.ActiveCfg = Debug|Any CPU
		{676439EB-3CE2-46C2-91C5-2B91447C45C7}.Debug|Any CPU.Build.0 = Debug|Any CPU
		{676439EB-3CE2-46C2-91C5-2B91447C45C7}.Debug|x64.ActiveCfg = Debug|Any CPU
		{676439EB-3CE2-46C2-91C5-2B91447C45C7}.Debug|x64.Build.0 = Debug|Any CPU
		{676439EB-3CE2-46C2-91C5-2B91447C45C7}.Debug|x86.ActiveCfg = Debug|Any CPU
		{676439EB-3CE2-46C2-91C5-2B91447C45C7}.Debug|x86.Build.0 = Debug|Any CPU
		{676439EB-3CE2-46C2-91C5-2B91447C45C7}.Release|Any CPU.ActiveCfg = Release|Any CPU
		{676439EB-3CE2-46C2-91C5-2B91447C45C7}.Release|Any CPU.Build.0 = Release|Any CPU
		{676439EB-3CE2-46C2-91C5-2B91447C45C7}.Release|x64.ActiveCfg = Release|Any CPU
		{676439EB-3CE2-46C2-91C5-2B91447C45C7}.Release|x64.Build.0 = Release|Any CPU
		{676439EB-3CE2-46C2-91C5-2B91447C45C7}.Release|x86.ActiveCfg = Release|Any CPU
		{676439EB-3CE2-46C2-91C5-2B91447C45C7}.Release|x86.Build.0 = Release|Any CPU
		{7455E8DE-8565-4181-8F54-5BFEE5988015}.Debug|Any CPU.ActiveCfg = Debug|Any CPU
		{7455E8DE-8565-4181-8F54-5BFEE5988015}.Debug|Any CPU.Build.0 = Debug|Any CPU
		{7455E8DE-8565-4181-8F54-5BFEE5988015}.Debug|x64.ActiveCfg = Debug|Any CPU
		{7455E8DE-8565-4181-8F54-5BFEE5988015}.Debug|x64.Build.0 = Debug|Any CPU
		{7455E8DE-8565-4181-8F54-5BFEE5988015}.Debug|x86.ActiveCfg = Debug|Any CPU
		{7455E8DE-8565-4181-8F54-5BFEE5988015}.Debug|x86.Build.0 = Debug|Any CPU
		{7455E8DE-8565-4181-8F54-5BFEE5988015}.Release|Any CPU.ActiveCfg = Release|Any CPU
		{7455E8DE-8565-4181-8F54-5BFEE5988015}.Release|Any CPU.Build.0 = Release|Any CPU
		{7455E8DE-8565-4181-8F54-5BFEE5988015}.Release|x64.ActiveCfg = Release|Any CPU
		{7455E8DE-8565-4181-8F54-5BFEE5988015}.Release|x64.Build.0 = Release|Any CPU
		{7455E8DE-8565-4181-8F54-5BFEE5988015}.Release|x86.ActiveCfg = Release|Any CPU
		{7455E8DE-8565-4181-8F54-5BFEE5988015}.Release|x86.Build.0 = Release|Any CPU
		{40BE869D-F12C-45A3-B4CE-46C290F23178}.Debug|Any CPU.ActiveCfg = Debug|Any CPU
		{40BE869D-F12C-45A3-B4CE-46C290F23178}.Debug|Any CPU.Build.0 = Debug|Any CPU
		{40BE869D-F12C-45A3-B4CE-46C290F23178}.Debug|x64.ActiveCfg = Debug|Any CPU
		{40BE869D-F12C-45A3-B4CE-46C290F23178}.Debug|x64.Build.0 = Debug|Any CPU
		{40BE869D-F12C-45A3-B4CE-46C290F23178}.Debug|x86.ActiveCfg = Debug|Any CPU
		{40BE869D-F12C-45A3-B4CE-46C290F23178}.Debug|x86.Build.0 = Debug|Any CPU
		{40BE869D-F12C-45A3-B4CE-46C290F23178}.Release|Any CPU.ActiveCfg = Release|Any CPU
		{40BE869D-F12C-45A3-B4CE-46C290F23178}.Release|Any CPU.Build.0 = Release|Any CPU
		{40BE869D-F12C-45A3-B4CE-46C290F23178}.Release|x64.ActiveCfg = Release|Any CPU
		{40BE869D-F12C-45A3-B4CE-46C290F23178}.Release|x64.Build.0 = Release|Any CPU
		{40BE869D-F12C-45A3-B4CE-46C290F23178}.Release|x86.ActiveCfg = Release|Any CPU
		{40BE869D-F12C-45A3-B4CE-46C290F23178}.Release|x86.Build.0 = Release|Any CPU
	EndGlobalSection
	GlobalSection(SolutionProperties) = preSolution
		HideSolutionNode = FALSE
	EndGlobalSection
	GlobalSection(NestedProjects) = preSolution
		{E0AC7D6E-8FF8-4CBE-BE40-655C1B8591CC} = {827E0CD3-B72D-47B6-A68D-7590B98EB39B}
		{676439EB-3CE2-46C2-91C5-2B91447C45C7} = {827E0CD3-B72D-47B6-A68D-7590B98EB39B}
		{7455E8DE-8565-4181-8F54-5BFEE5988015} = {827E0CD3-B72D-47B6-A68D-7590B98EB39B}
		{40BE869D-F12C-45A3-B4CE-46C290F23178} = {827E0CD3-B72D-47B6-A68D-7590B98EB39B}
	EndGlobalSection
EndGlobal
